{
  "version": 4,
  "terraform_version": "1.9.7",
  "serial": 188,
  "lineage": "d897cf20-b5ae-3380-1914-8a83c02b0ff8",
  "outputs": {},
  "resources": [
    {
      "mode": "data",
      "type": "archive_file",
      "name": "sandbox_lambda_file",
      "provider": "provider[\"registry.terraform.io/hashicorp/archive\"]",
      "instances": [
        {
          "schema_version": 0,
          "attributes": {
            "exclude_symlink_directories": null,
            "excludes": null,
            "id": "13e687242332abb4c6bb286729322ab436e0d868",
            "output_base64sha256": "jY2jcdhdTnEyuPeqi4SACIR6oDNdtBsvHw4wrdvr+sQ=",
            "output_base64sha512": "FZ9AOZbqmHgw/fAxKtLrbYgHu+Ac4w2ddsZKt4CduTrdxwCST9dn+5t7Ed2p43z2+dKi91G2q/f41PNBZupUVA==",
            "output_file_mode": null,
            "output_md5": "ad011a46e1666d822339686c02a62e77",
            "output_path": "./src/terraform_lambda_function_payload.zip",
            "output_sha": "13e687242332abb4c6bb286729322ab436e0d868",
            "output_sha256": "8d8da371d85d4e7132b8f7aa8b848008847aa0335db41b2f1f0e30addbebfac4",
            "output_sha512": "159f403996ea987830fdf0312ad2eb6d8807bbe01ce30d9d76c64ab7809db93addc700924fd767fb9b7b11dda9e37cf6f9d2a2f751b6abf7f8d4f34166ea5454",
            "output_size": 266,
            "source": [],
            "source_content": null,
            "source_content_filename": null,
            "source_dir": null,
            "source_file": "./src/terraform_lambda.py",
            "type": "zip"
          },
          "sensitive_attributes": []
        }
      ]
    },
    {
      "mode": "data",
      "type": "aws_iam_policy_document",
      "name": "assume_role",
      "provider": "provider[\"registry.terraform.io/hashicorp/aws\"]",
      "instances": [
        {
          "schema_version": 0,
          "attributes": {
            "id": "2690255455",
            "json": "{\n  \"Version\": \"2012-10-17\",\n  \"Statement\": [\n    {\n      \"Effect\": \"Allow\",\n      \"Action\": \"sts:AssumeRole\",\n      \"Principal\": {\n        \"Service\": \"lambda.amazonaws.com\"\n      }\n    }\n  ]\n}",
            "override_policy_documents": null,
            "policy_id": null,
            "source_policy_documents": null,
            "statement": [
              {
                "actions": [
                  "sts:AssumeRole"
                ],
                "condition": [],
                "effect": "Allow",
                "not_actions": [],
                "not_principals": [],
                "not_resources": [],
                "principals": [
                  {
                    "identifiers": [
                      "lambda.amazonaws.com"
                    ],
                    "type": "Service"
                  }
                ],
                "resources": [],
                "sid": ""
              }
            ],
            "version": "2012-10-17"
          },
          "sensitive_attributes": []
        }
      ]
    },
    {
      "mode": "managed",
      "type": "aws_api_gateway_deployment",
      "name": "sandbox_apigateway_deployment",
      "provider": "provider[\"registry.terraform.io/hashicorp/aws\"]",
      "instances": [
        {
          "schema_version": 0,
          "attributes": {
            "created_date": "2024-10-11T16:56:54Z",
            "description": "",
            "execution_arn": "arn:aws:execute-api:us-east-1:600627358874:11dqa4w1z5/terraform_sandbox_stage",
            "id": "5zj8rf",
            "invoke_url": "https://11dqa4w1z5.execute-api.us-east-1.amazonaws.com/terraform_sandbox_stage",
            "rest_api_id": "11dqa4w1z5",
            "stage_description": null,
            "stage_name": "terraform_sandbox_stage",
            "triggers": null,
            "variables": null
          },
          "sensitive_attributes": [],
          "private": "bnVsbA==",
          "dependencies": [
            "aws_api_gateway_integration.sanbodx_apigateway_lambda_integration",
            "aws_api_gateway_method.sandbox_apigateway_method",
            "aws_api_gateway_resource.sandbox_apigateway_resource",
            "aws_api_gateway_rest_api.sandbox_apigateway",
            "aws_cloudwatch_log_group.sandbox_lambda_log_group",
            "aws_iam_policy.sandbox_lambda_logging",
            "aws_iam_role.sandbox_lambda_role",
            "aws_iam_role_policy_attachment.sandbox_lambda_attachment",
            "aws_lambda_function.sandbox_lambda_function",
            "data.archive_file.sandbox_lambda_file",
            "data.aws_iam_policy_document.assume_role"
          ]
        }
      ]
    },
    {
      "mode": "managed",
      "type": "aws_api_gateway_integration",
      "name": "sanbodx_apigateway_lambda_integration",
      "provider": "provider[\"registry.terraform.io/hashicorp/aws\"]",
      "instances": [
        {
          "schema_version": 0,
          "attributes": {
            "cache_key_parameters": null,
            "cache_namespace": "eeapti",
            "connection_id": "",
            "connection_type": "INTERNET",
            "content_handling": "",
            "credentials": "",
            "http_method": "GET",
            "id": "agi-11dqa4w1z5-eeapti-GET",
            "integration_http_method": "POST",
            "passthrough_behavior": "WHEN_NO_MATCH",
            "request_parameters": null,
            "request_templates": null,
            "resource_id": "eeapti",
            "rest_api_id": "11dqa4w1z5",
            "timeout_milliseconds": 29000,
            "tls_config": [],
            "type": "AWS_PROXY",
            "uri": "arn:aws:apigateway:us-east-1:lambda:path/2015-03-31/functions/arn:aws:lambda:us-east-1:600627358874:function:terraform_sandbox_lambda_function/invocations"
          },
          "sensitive_attributes": [],
          "private": "bnVsbA==",
          "dependencies": [
            "aws_api_gateway_method.sandbox_apigateway_method",
            "aws_api_gateway_resource.sandbox_apigateway_resource",
            "aws_api_gateway_rest_api.sandbox_apigateway",
            "aws_cloudwatch_log_group.sandbox_lambda_log_group",
            "aws_iam_policy.sandbox_lambda_logging",
            "aws_iam_role.sandbox_lambda_role",
            "aws_iam_role_policy_attachment.sandbox_lambda_attachment",
            "aws_lambda_function.sandbox_lambda_function",
            "data.archive_file.sandbox_lambda_file",
            "data.aws_iam_policy_document.assume_role"
          ]
        }
      ]
    },
    {
      "mode": "managed",
      "type": "aws_api_gateway_integration_response",
      "name": "sandbox_apigateway_integration_response",
      "provider": "provider[\"registry.terraform.io/hashicorp/aws\"]",
      "instances": [
        {
          "schema_version": 0,
          "attributes": {
            "content_handling": "",
            "http_method": "GET",
            "id": "agir-11dqa4w1z5-eeapti-GET-200",
            "resource_id": "eeapti",
            "response_parameters": null,
            "response_templates": null,
            "rest_api_id": "11dqa4w1z5",
            "selection_pattern": "",
            "status_code": "200"
          },
          "sensitive_attributes": [],
          "private": "bnVsbA==",
          "dependencies": [
            "aws_api_gateway_integration.sanbodx_apigateway_lambda_integration",
            "aws_api_gateway_method.sandbox_apigateway_method",
            "aws_api_gateway_method_response.sandbox_apigateway_method_response",
            "aws_api_gateway_resource.sandbox_apigateway_resource",
            "aws_api_gateway_rest_api.sandbox_apigateway",
            "aws_cloudwatch_log_group.sandbox_lambda_log_group",
            "aws_iam_policy.sandbox_lambda_logging",
            "aws_iam_role.sandbox_lambda_role",
            "aws_iam_role_policy_attachment.sandbox_lambda_attachment",
            "aws_lambda_function.sandbox_lambda_function",
            "data.archive_file.sandbox_lambda_file",
            "data.aws_iam_policy_document.assume_role"
          ]
        }
      ]
    },
    {
      "mode": "managed",
      "type": "aws_api_gateway_method",
      "name": "sandbox_apigateway_method",
      "provider": "provider[\"registry.terraform.io/hashicorp/aws\"]",
      "instances": [
        {
          "schema_version": 0,
          "attributes": {
            "api_key_required": false,
            "authorization": "NONE",
            "authorization_scopes": null,
            "authorizer_id": null,
            "http_method": "GET",
            "id": "agm-11dqa4w1z5-eeapti-GET",
            "operation_name": null,
            "request_models": null,
            "request_parameters": null,
            "request_validator_id": null,
            "resource_id": "eeapti",
            "rest_api_id": "11dqa4w1z5"
          },
          "sensitive_attributes": [],
          "private": "bnVsbA==",
          "dependencies": [
            "aws_api_gateway_resource.sandbox_apigateway_resource",
            "aws_api_gateway_rest_api.sandbox_apigateway"
          ]
        }
      ]
    },
    {
      "mode": "managed",
      "type": "aws_api_gateway_method_response",
      "name": "sandbox_apigateway_method_response",
      "provider": "provider[\"registry.terraform.io/hashicorp/aws\"]",
      "instances": [
        {
          "schema_version": 0,
          "attributes": {
            "http_method": "GET",
            "id": "agmr-11dqa4w1z5-eeapti-GET-200",
            "resource_id": "eeapti",
            "response_models": null,
            "response_parameters": null,
            "rest_api_id": "11dqa4w1z5",
            "status_code": "200"
          },
          "sensitive_attributes": [],
          "private": "bnVsbA==",
          "dependencies": [
            "aws_api_gateway_method.sandbox_apigateway_method",
            "aws_api_gateway_resource.sandbox_apigateway_resource",
            "aws_api_gateway_rest_api.sandbox_apigateway"
          ]
        }
      ]
    },
    {
      "mode": "managed",
      "type": "aws_api_gateway_resource",
      "name": "sandbox_apigateway_resource",
      "provider": "provider[\"registry.terraform.io/hashicorp/aws\"]",
      "instances": [
        {
          "schema_version": 0,
          "attributes": {
            "id": "eeapti",
            "parent_id": "klvri8qmjh",
            "path": "/sandbox_lambda",
            "path_part": "sandbox_lambda",
            "rest_api_id": "11dqa4w1z5"
          },
          "sensitive_attributes": [],
          "private": "bnVsbA==",
          "dependencies": [
            "aws_api_gateway_rest_api.sandbox_apigateway"
          ]
        }
      ]
    },
    {
      "mode": "managed",
      "type": "aws_api_gateway_rest_api",
      "name": "sandbox_apigateway",
      "provider": "provider[\"registry.terraform.io/hashicorp/aws\"]",
      "instances": [
        {
          "schema_version": 0,
          "attributes": {
            "api_key_source": "HEADER",
            "arn": "arn:aws:apigateway:us-east-1::/restapis/11dqa4w1z5",
            "binary_media_types": [],
            "body": null,
            "created_date": "2024-10-11T16:56:39Z",
            "description": "",
            "disable_execute_api_endpoint": false,
            "endpoint_configuration": [
              {
                "types": [
                  "REGIONAL"
                ],
                "vpc_endpoint_ids": []
              }
            ],
            "execution_arn": "arn:aws:execute-api:us-east-1:600627358874:11dqa4w1z5",
            "fail_on_warnings": null,
            "id": "11dqa4w1z5",
            "minimum_compression_size": "",
            "name": "terraform_sandbox_apigateway",
            "parameters": null,
            "policy": "",
            "put_rest_api_mode": null,
            "root_resource_id": "klvri8qmjh",
            "tags": {
              "key": "Owner",
              "value": "Nischal Newar"
            },
            "tags_all": {
              "key": "Owner",
              "value": "Nischal Newar"
            }
          },
          "sensitive_attributes": [],
          "private": "bnVsbA=="
        }
      ]
    },
    {
      "mode": "managed",
      "type": "aws_cloudwatch_log_group",
      "name": "sandbox_lambda_log_group",
      "provider": "provider[\"registry.terraform.io/hashicorp/aws\"]",
      "instances": [
        {
          "schema_version": 0,
          "attributes": {
            "arn": "arn:aws:logs:us-east-1:600627358874:log-group:/aws/lambda/terraform_sandbox_lambda_function_log",
            "id": "/aws/lambda/terraform_sandbox_lambda_function_log",
            "kms_key_id": "",
            "name": "/aws/lambda/terraform_sandbox_lambda_function_log",
            "name_prefix": "",
            "retention_in_days": 1,
            "skip_destroy": false,
            "tags": null,
            "tags_all": {}
          },
          "sensitive_attributes": [],
          "private": "bnVsbA=="
        }
      ]
    },
    {
      "mode": "managed",
      "type": "aws_iam_policy",
      "name": "sandbox_lambda_logging",
      "provider": "provider[\"registry.terraform.io/hashicorp/aws\"]",
      "instances": [
        {
          "schema_version": 0,
          "attributes": {
            "arn": "arn:aws:iam::600627358874:policy/terraform_sandbox_lambda_logging",
            "description": "policy created to provide log permissions using terraform",
            "id": "arn:aws:iam::600627358874:policy/terraform_sandbox_lambda_logging",
            "name": "terraform_sandbox_lambda_logging",
            "name_prefix": "",
            "path": "/",
            "policy": "{\"Statement\":[{\"Action\":\"logs:CreateLogGroup\",\"Effect\":\"Allow\",\"Resource\":\"arn:aws:logs:us-east-1:600627358874:*\"},{\"Action\":[\"logs:CreateLogStream\",\"logs:PutLogEvents\"],\"Effect\":\"Allow\",\"Resource\":[\"arn:aws:logs:us-east-1:600627358874:log-group:/aws/lambda/terraform_sandbox_lambda_function_log:*\"]}],\"Version\":\"2012-10-17\"}",
            "policy_id": "ANPAYXWBOFSNIGSF5DWJV",
            "tags": null,
            "tags_all": {}
          },
          "sensitive_attributes": [],
          "private": "bnVsbA=="
        }
      ]
    },
    {
      "mode": "managed",
      "type": "aws_iam_role",
      "name": "sandbox_lambda_role",
      "provider": "provider[\"registry.terraform.io/hashicorp/aws\"]",
      "instances": [
        {
          "schema_version": 0,
          "attributes": {
            "arn": "arn:aws:iam::600627358874:role/terraform_sandbox_lambda_role",
            "assume_role_policy": "{\"Statement\":[{\"Action\":\"sts:AssumeRole\",\"Effect\":\"Allow\",\"Principal\":{\"Service\":\"lambda.amazonaws.com\"}}],\"Version\":\"2012-10-17\"}",
            "create_date": "2024-10-11T16:56:39Z",
            "description": "",
            "force_detach_policies": false,
            "id": "terraform_sandbox_lambda_role",
            "inline_policy": [],
            "managed_policy_arns": [],
            "max_session_duration": 3600,
            "name": "terraform_sandbox_lambda_role",
            "name_prefix": "",
            "path": "/",
            "permissions_boundary": null,
            "role_last_used": [
              {
                "last_used_date": "",
                "region": ""
              }
            ],
            "tags": {
              "key": "Owner",
              "value": "Nischal Newar"
            },
            "tags_all": {
              "key": "Owner",
              "value": "Nischal Newar"
            },
            "unique_id": "AROAYXWBOFSNAV6AAOERC"
          },
          "sensitive_attributes": [],
          "private": "bnVsbA==",
          "dependencies": [
            "data.aws_iam_policy_document.assume_role"
          ]
        }
      ]
    },
    {
      "mode": "managed",
      "type": "aws_iam_role_policy_attachment",
      "name": "sandbox_lambda_attachment",
      "provider": "provider[\"registry.terraform.io/hashicorp/aws\"]",
      "instances": [
        {
          "schema_version": 0,
          "attributes": {
            "id": "terraform_sandbox_lambda_role-20241011165640044100000001",
            "policy_arn": "arn:aws:iam::600627358874:policy/terraform_sandbox_lambda_logging",
            "role": "terraform_sandbox_lambda_role"
          },
          "sensitive_attributes": [],
          "private": "bnVsbA==",
          "dependencies": [
            "aws_iam_policy.sandbox_lambda_logging",
            "aws_iam_role.sandbox_lambda_role",
            "data.aws_iam_policy_document.assume_role"
          ]
        }
      ]
    },
    {
      "mode": "managed",
      "type": "aws_lambda_function",
      "name": "sandbox_lambda_function",
      "provider": "provider[\"registry.terraform.io/hashicorp/aws\"]",
      "instances": [
        {
          "schema_version": 0,
          "attributes": {
            "architectures": [
              "x86_64"
            ],
            "arn": "arn:aws:lambda:us-east-1:600627358874:function:terraform_sandbox_lambda_function",
            "code_signing_config_arn": "",
            "dead_letter_config": [],
            "description": "",
            "environment": [],
            "ephemeral_storage": [
              {
                "size": 512
              }
            ],
            "file_system_config": [],
            "filename": "./src/terraform_lambda_function_payload.zip",
            "function_name": "terraform_sandbox_lambda_function",
            "handler": "terraform_lambda.lambda_handler",
            "id": "terraform_sandbox_lambda_function",
            "image_config": [],
            "image_uri": "",
            "invoke_arn": "arn:aws:apigateway:us-east-1:lambda:path/2015-03-31/functions/arn:aws:lambda:us-east-1:600627358874:function:terraform_sandbox_lambda_function/invocations",
            "kms_key_arn": "",
            "last_modified": "2024-10-11T16:56:48.611+0000",
            "layers": null,
            "memory_size": 128,
            "package_type": "Zip",
            "publish": false,
            "qualified_arn": "arn:aws:lambda:us-east-1:600627358874:function:terraform_sandbox_lambda_function:$LATEST",
            "qualified_invoke_arn": "arn:aws:apigateway:us-east-1:lambda:path/2015-03-31/functions/arn:aws:lambda:us-east-1:600627358874:function:terraform_sandbox_lambda_function:$LATEST/invocations",
            "replace_security_groups_on_destroy": null,
            "replacement_security_group_ids": null,
            "reserved_concurrent_executions": -1,
            "role": "arn:aws:iam::600627358874:role/terraform_sandbox_lambda_role",
            "runtime": "python3.9",
            "s3_bucket": null,
            "s3_key": null,
            "s3_object_version": null,
            "signing_job_arn": "",
            "signing_profile_version_arn": "",
            "skip_destroy": false,
            "snap_start": [],
            "source_code_hash": "jY2jcdhdTnEyuPeqi4SACIR6oDNdtBsvHw4wrdvr+sQ=",
            "source_code_size": 266,
            "tags": {
              "key": "Owner",
              "value": "Nischal Newar"
            },
            "tags_all": {
              "key": "Owner",
              "value": "Nischal Newar"
            },
            "timeout": 3,
            "timeouts": null,
            "tracing_config": [
              {
                "mode": "PassThrough"
              }
            ],
            "version": "$LATEST",
            "vpc_config": []
          },
          "sensitive_attributes": [],
          "private": "eyJlMmJmYjczMC1lY2FhLTExZTYtOGY4OC0zNDM2M2JjN2M0YzAiOnsiY3JlYXRlIjo2MDAwMDAwMDAwMDAsImRlbGV0ZSI6NjAwMDAwMDAwMDAwLCJ1cGRhdGUiOjYwMDAwMDAwMDAwMH19",
          "dependencies": [
            "aws_cloudwatch_log_group.sandbox_lambda_log_group",
            "aws_iam_policy.sandbox_lambda_logging",
            "aws_iam_role.sandbox_lambda_role",
            "aws_iam_role_policy_attachment.sandbox_lambda_attachment",
            "data.archive_file.sandbox_lambda_file",
            "data.aws_iam_policy_document.assume_role"
          ]
        }
      ]
    },
    {
      "mode": "managed",
      "type": "aws_lambda_permission",
      "name": "sandbox_apigateway_lambda_permisison",
      "provider": "provider[\"registry.terraform.io/hashicorp/aws\"]",
      "instances": [
        {
          "schema_version": 0,
          "attributes": {
            "action": "lambda:InvokeFunction",
            "event_source_token": null,
            "function_name": "terraform_sandbox_lambda_function",
            "function_url_auth_type": null,
            "id": "AllowMyDemoAPIInvoke",
            "principal": "apigateway.amazonaws.com",
            "principal_org_id": null,
            "qualifier": "",
            "source_account": null,
            "source_arn": "arn:aws:execute-api:us-east-1:600627358874:11dqa4w1z5/*",
            "statement_id": "AllowMyDemoAPIInvoke",
            "statement_id_prefix": ""
          },
          "sensitive_attributes": [],
          "private": "bnVsbA==",
          "dependencies": [
            "aws_api_gateway_rest_api.sandbox_apigateway",
            "aws_cloudwatch_log_group.sandbox_lambda_log_group",
            "aws_iam_policy.sandbox_lambda_logging",
            "aws_iam_role.sandbox_lambda_role",
            "aws_iam_role_policy_attachment.sandbox_lambda_attachment",
            "aws_lambda_function.sandbox_lambda_function",
            "data.archive_file.sandbox_lambda_file",
            "data.aws_iam_policy_document.assume_role"
          ]
        }
      ]
    }
  ],
  "check_results": null
}
